// !$*UTF8*$!
{
	archiveVersion = 1;
	classes = {
	};
	objectVersion = 50;
	objects = {

/* Begin PBXBuildFile section */
		8243C9A8242D704100FD0EC7 /* AppDelegate.swift in Sources */ = {isa = PBXBuildFile; fileRef = 8243C9A7242D704100FD0EC7 /* AppDelegate.swift */; };
		8243C9AA242D704100FD0EC7 /* SceneDelegate.swift in Sources */ = {isa = PBXBuildFile; fileRef = 8243C9A9242D704100FD0EC7 /* SceneDelegate.swift */; };
		8243C9AC242D704100FD0EC7 /* ContentView.swift in Sources */ = {isa = PBXBuildFile; fileRef = 8243C9AB242D704100FD0EC7 /* ContentView.swift */; };
		8243C9AE242D704200FD0EC7 /* Assets.xcassets in Resources */ = {isa = PBXBuildFile; fileRef = 8243C9AD242D704200FD0EC7 /* Assets.xcassets */; };
		8243C9B1242D704200FD0EC7 /* Preview Assets.xcassets in Resources */ = {isa = PBXBuildFile; fileRef = 8243C9B0242D704200FD0EC7 /* Preview Assets.xcassets */; };
		8243C9B4242D704200FD0EC7 /* LaunchScreen.storyboard in Resources */ = {isa = PBXBuildFile; fileRef = 8243C9B2242D704200FD0EC7 /* LaunchScreen.storyboard */; };
		8292E376242F86120095B862 /* MainViewController.swift in Sources */ = {isa = PBXBuildFile; fileRef = 8292E374242F86120095B862 /* MainViewController.swift */; };
		8292E377242F86120095B862 /* MainViewController.xib in Resources */ = {isa = PBXBuildFile; fileRef = 8292E375242F86120095B862 /* MainViewController.xib */; };
		8292E37B242F91A50095B862 /* FacebookCell.swift in Sources */ = {isa = PBXBuildFile; fileRef = 8292E379242F91A50095B862 /* FacebookCell.swift */; };
		8292E37C242F91A50095B862 /* FacebookCell.xib in Resources */ = {isa = PBXBuildFile; fileRef = 8292E37A242F91A50095B862 /* FacebookCell.xib */; };
		82A953172430E6150067FAB5 /* HorizontalScrollCell.swift in Sources */ = {isa = PBXBuildFile; fileRef = 82A953152430E6150067FAB5 /* HorizontalScrollCell.swift */; };
		82A953182430E6150067FAB5 /* FacebookHeader.xib in Resources */ = {isa = PBXBuildFile; fileRef = 82A953162430E6150067FAB5 /* FacebookHeader.xib */; };
		82A9531C2431027C0067FAB5 /* SubCell.swift in Sources */ = {isa = PBXBuildFile; fileRef = 82A9531A2431027C0067FAB5 /* SubCell.swift */; };
		82A9531D2431027C0067FAB5 /* SubCell.xib in Resources */ = {isa = PBXBuildFile; fileRef = 82A9531B2431027C0067FAB5 /* SubCell.xib */; };
/* End PBXBuildFile section */

/* Begin PBXFileReference section */
		8243C9A4242D704100FD0EC7 /* FacebookHome.app */ = {isa = PBXFileReference; explicitFileType = wrapper.application; includeInIndex = 0; path = FacebookHome.app; sourceTree = BUILT_PRODUCTS_DIR; };
		8243C9A7242D704100FD0EC7 /* AppDelegate.swift */ = {isa = PBXFileReference; lastKnownFileType = sourcecode.swift; path = AppDelegate.swift; sourceTree = "<group>"; };
		8243C9A9242D704100FD0EC7 /* SceneDelegate.swift */ = {isa = PBXFileReference; lastKnownFileType = sourcecode.swift; path = SceneDelegate.swift; sourceTree = "<group>"; };
		8243C9AB242D704100FD0EC7 /* ContentView.swift */ = {isa = PBXFileReference; lastKnownFileType = sourcecode.swift; path = ContentView.swift; sourceTree = "<group>"; };
		8243C9AD242D704200FD0EC7 /* Assets.xcassets */ = {isa = PBXFileReference; lastKnownFileType = folder.assetcatalog; path = Assets.xcassets; sourceTree = "<group>"; };
		8243C9B0242D704200FD0EC7 /* Preview Assets.xcassets */ = {isa = PBXFileReference; lastKnownFileType = folder.assetcatalog; path = "Preview Assets.xcassets"; sourceTree = "<group>"; };
		8243C9B3242D704200FD0EC7 /* Base */ = {isa = PBXFileReference; lastKnownFileType = file.storyboard; name = Base; path = Base.lproj/LaunchScreen.storyboard; sourceTree = "<group>"; };
		8243C9B5242D704200FD0EC7 /* Info.plist */ = {isa = PBXFileReference; lastKnownFileType = text.plist.xml; path = Info.plist; sourceTree = "<group>"; };
		8292E374242F86120095B862 /* MainViewController.swift */ = {isa = PBXFileReference; lastKnownFileType = sourcecode.swift; path = MainViewController.swift; sourceTree = "<group>"; };
		8292E375242F86120095B862 /* MainViewController.xib */ = {isa = PBXFileReference; lastKnownFileType = file.xib; path = MainViewController.xib; sourceTree = "<group>"; };
		8292E379242F91A50095B862 /* FacebookCell.swift */ = {isa = PBXFileReference; lastKnownFileType = sourcecode.swift; path = FacebookCell.swift; sourceTree = "<group>"; };
		8292E37A242F91A50095B862 /* FacebookCell.xib */ = {isa = PBXFileReference; lastKnownFileType = file.xib; path = FacebookCell.xib; sourceTree = "<group>"; };
		82A953152430E6150067FAB5 /* HorizontalScrollCell.swift */ = {isa = PBXFileReference; lastKnownFileType = sourcecode.swift; path = HorizontalScrollCell.swift; sourceTree = "<group>"; };
		82A953162430E6150067FAB5 /* FacebookHeader.xib */ = {isa = PBXFileReference; lastKnownFileType = file.xib; path = FacebookHeader.xib; sourceTree = "<group>"; };
		82A9531A2431027C0067FAB5 /* SubCell.swift */ = {isa = PBXFileReference; lastKnownFileType = sourcecode.swift; path = SubCell.swift; sourceTree = "<group>"; };
		82A9531B2431027C0067FAB5 /* SubCell.xib */ = {isa = PBXFileReference; lastKnownFileType = file.xib; path = SubCell.xib; sourceTree = "<group>"; };
/* End PBXFileReference section */

/* Begin PBXFrameworksBuildPhase section */
		8243C9A1242D704100FD0EC7 /* Frameworks */ = {
			isa = PBXFrameworksBuildPhase;
			buildActionMask = 2147483647;
			files = (
			);
			runOnlyForDeploymentPostprocessing = 0;
		};
/* End PBXFrameworksBuildPhase section */

/* Begin PBXGroup section */
		8243C99B242D704100FD0EC7 = {
			isa = PBXGroup;
			children = (
				8243C9A6242D704100FD0EC7 /* FacebookHome */,
				8243C9A5242D704100FD0EC7 /* Products */,
			);
			sourceTree = "<group>";
		};
		8243C9A5242D704100FD0EC7 /* Products */ = {
			isa = PBXGroup;
			children = (
				8243C9A4242D704100FD0EC7 /* FacebookHome.app */,
			);
			name = Products;
			sourceTree = "<group>";
		};
		8243C9A6242D704100FD0EC7 /* FacebookHome */ = {
			isa = PBXGroup;
			children = (
				82A95319243102510067FAB5 /* subcell */,
				82A953142430E5EE0067FAB5 /* horizontal */,
				8292E378242F91800095B862 /* cell */,
				8243C9A7242D704100FD0EC7 /* AppDelegate.swift */,
				8243C9A9242D704100FD0EC7 /* SceneDelegate.swift */,
				8243C9AB242D704100FD0EC7 /* ContentView.swift */,
				8243C9AD242D704200FD0EC7 /* Assets.xcassets */,
				8243C9B2242D704200FD0EC7 /* LaunchScreen.storyboard */,
				8243C9B5242D704200FD0EC7 /* Info.plist */,
				8243C9AF242D704200FD0EC7 /* Preview Content */,
				8292E374242F86120095B862 /* MainViewController.swift */,
				8292E375242F86120095B862 /* MainViewController.xib */,
			);
			path = FacebookHome;
			sourceTree = "<group>";
		};
		8243C9AF242D704200FD0EC7 /* Preview Content */ = {
			isa = PBXGroup;
			children = (
				8243C9B0242D704200FD0EC7 /* Preview Assets.xcassets */,
			);
			path = "Preview Content";
			sourceTree = "<group>";
		};
		8292E378242F91800095B862 /* cell */ = {
			isa = PBXGroup;
			children = (
				8292E379242F91A50095B862 /* FacebookCell.swift */,
				8292E37A242F91A50095B862 /* FacebookCell.xib */,
			);
			path = cell;
			sourceTree = "<group>";
		};
		82A953142430E5EE0067FAB5 /* horizontal */ = {
			isa = PBXGroup;
			children = (
				82A953152430E6150067FAB5 /* HorizontalScrollCell.swift */,
				82A953162430E6150067FAB5 /* FacebookHeader.xib */,
			);
			path = horizontal;
			sourceTree = "<group>";
		};
		82A95319243102510067FAB5 /* subcell */ = {
			isa = PBXGroup;
			children = (
				82A9531A2431027C0067FAB5 /* SubCell.swift */,
				82A9531B2431027C0067FAB5 /* SubCell.xib */,
			);
			path = subcell;
			sourceTree = "<group>";
		};
/* End PBXGroup section */

/* Begin PBXNativeTarget section */
		8243C9A3242D704100FD0EC7 /* FacebookHome */ = {
			isa = PBXNativeTarget;
			buildConfigurationList = 8243C9B8242D704200FD0EC7 /* Build configuration list for PBXNativeTarget "FacebookHome" */;
			buildPhases = (
				8243C9A0242D704100FD0EC7 /* Sources */,
				8243C9A1242D704100FD0EC7 /* Frameworks */,
				8243C9A2242D704100FD0EC7 /* Resources */,
			);
			buildRules = (
			);
			dependencies = (
			);
			name = FacebookHome;
			productName = FacebookHome;
			productReference = 8243C9A4242D704100FD0EC7 /* FacebookHome.app */;
			productType = "com.apple.product-type.application";
		};
/* End PBXNativeTarget section */

/* Begin PBXProject section */
		8243C99C242D704100FD0EC7 /* Project object */ = {
			isa = PBXProject;
			attributes = {
				LastSwiftUpdateCheck = 1110;
				LastUpgradeCheck = 1110;
				ORGANIZATIONNAME = doh;
				TargetAttributes = {
					8243C9A3242D704100FD0EC7 = {
						CreatedOnToolsVersion = 11.1;
					};
				};
			};
			buildConfigurationList = 8243C99F242D704100FD0EC7 /* Build configuration list for PBXProject "FacebookHome" */;
			compatibilityVersion = "Xcode 9.3";
			developmentRegion = en;
			hasScannedForEncodings = 0;
			knownRegions = (
				en,
				Base,
			);
			mainGroup = 8243C99B242D704100FD0EC7;
			productRefGroup = 8243C9A5242D704100FD0EC7 /* Products */;
			projectDirPath = "";
			projectRoot = "";
			targets = (
				8243C9A3242D704100FD0EC7 /* FacebookHome */,
			);
		};
/* End PBXProject section */

/* Begin PBXResourcesBuildPhase section */
		8243C9A2242D704100FD0EC7 /* Resources */ = {
			isa = PBXResourcesBuildPhase;
			buildActionMask = 2147483647;
			files = (
				82A953182430E6150067FAB5 /* FacebookHeader.xib in Resources */,
				8243C9B4242D704200FD0EC7 /* LaunchScreen.storyboard in Resources */,
				8243C9B1242D704200FD0EC7 /* Preview Assets.xcassets in Resources */,
				8292E37C242F91A50095B862 /* FacebookCell.xib in Resources */,
				8243C9AE242D704200FD0EC7 /* Assets.xcassets in Resources */,
				8292E377242F86120095B862 /* MainViewController.xib in Resources */,
				82A9531D2431027C0067FAB5 /* SubCell.xib in Resources */,
			);
			runOnlyForDeploymentPostprocessing = 0;
		};
/* End PBXResourcesBuildPhase section */

/* Begin PBXSourcesBuildPhase section */
		8243C9A0242D704100FD0EC7 /* Sources */ = {
			isa = PBXSourcesBuildPhase;
			buildActionMask = 2147483647;
			files = (
				8243C9A8242D704100FD0EC7 /* AppDelegate.swift in Sources */,
				8243C9AA242D704100FD0EC7 /* SceneDelegate.swift in Sources */,
				8243C9AC242D704100FD0EC7 /* ContentView.swift in Sources */,
				82A9531C2431027C0067FAB5 /* SubCell.swift in Sources */,
				8292E376242F86120095B862 /* MainViewController.swift in Sources */,
				82A953172430E6150067FAB5 /* HorizontalScrollCell.swift in Sources */,
				8292E37B242F91A50095B862 /* FacebookCell.swift in Sources */,
			);
			runOnlyForDeploymentPostprocessing = 0;
		};
/* End PBXSourcesBuildPhase section */

/* Begin PBXVariantGroup section */
		8243C9B2242D704200FD0EC7 /* LaunchScreen.storyboard */ = {
			isa = PBXVariantGroup;
			children = (
				8243C9B3242D704200FD0EC7 /* Base */,
			);
			name = LaunchScreen.storyboard;
			sourceTree = "<group>";
		};
/* End PBXVariantGroup section */

/* Begin XCBuildConfiguration section */
		8243C9B6242D704200FD0EC7 /* Debug */ = {
			isa = XCBuildConfiguration;
			buildSettings = {
				ALWAYS_SEARCH_USER_PATHS = NO;
				CLANG_ANALYZER_NONNULL = YES;
				CLANG_ANALYZER_NUMBER_OBJECT_CONVERSION = YES_AGGRESSIVE;
				CLANG_CXX_LANGUAGE_STANDARD = "gnu++14";
				CLANG_CXX_LIBRARY = "libc++";
				CLANG_ENABLE_MODULES = YES;
				CLANG_ENABLE_OBJC_ARC = YES;
				CLANG_ENABLE_OBJC_WEAK = YES;
				CLANG_WARN_BLOCK_CAPTURE_AUTORELEASING = YES;
				CLANG_WARN_BOOL_CONVERSION = YES;
				CLANG_WARN_COMMA = YES;
				CLANG_WARN_CONSTANT_CONVERSION = YES;
				CLANG_WARN_DEPRECATED_OBJC_IMPLEMENTATIONS = YES;
				CLANG_WARN_DIRECT_OBJC_ISA_USAGE = YES_ERROR;
				CLANG_WARN_DOCUMENTATION_COMMENTS = YES;
				CLANG_WARN_EMPTY_BODY = YES;
				CLANG_WARN_ENUM_CONVERSION = YES;
				CLANG_WARN_INFINITE_RECURSION = YES;
				CLANG_WARN_INT_CONVERSION = YES;
				CLANG_WARN_NON_LITERAL_NULL_CONVERSION = YES;
				CLANG_WARN_OBJC_IMPLICIT_RETAIN_SELF = YES;
				CLANG_WARN_OBJC_LITERAL_CONVERSION = YES;
				CLANG_WARN_OBJC_ROOT_CLASS = YES_ERROR;
				CLANG_WARN_RANGE_LOOP_ANALYSIS = YES;
				CLANG_WARN_STRICT_PROTOTYPES = YES;
				CLANG_WARN_SUSPICIOUS_MOVE = YES;
				CLANG_WARN_UNGUARDED_AVAILABILITY = YES_AGGRESSIVE;
				CLANG_WARN_UNREACHABLE_CODE = YES;
				CLANG_WARN__DUPLICATE_METHOD_MATCH = YES;
				COPY_PHASE_STRIP = NO;
				DEBUG_INFORMATION_FORMAT = dwarf;
				ENABLE_STRICT_OBJC_MSGSEND = YES;
				ENABLE_TESTABILITY = YES;
				GCC_C_LANGUAGE_STANDARD = gnu11;
				GCC_DYNAMIC_NO_PIC = NO;
				GCC_NO_COMMON_BLOCKS = YES;
				GCC_OPTIMIZATION_LEVEL = 0;
				GCC_PREPROCESSOR_DEFINITIONS = (
					"DEBUG=1",
					"$(inherited)",
				);
				GCC_WARN_64_TO_32_BIT_CONVERSION = YES;
				GCC_WARN_ABOUT_RETURN_TYPE = YES_ERROR;
				GCC_WARN_UNDECLARED_SELECTOR = YES;
				GCC_WARN_UNINITIALIZED_AUTOS = YES_AGGRESSIVE;
				GCC_WARN_UNUSED_FUNCTION = YES;
				GCC_WARN_UNUSED_VARIABLE = YES;
				IPHONEOS_DEPLOYMENT_TARGET = 13.1;
				MTL_ENABLE_DEBUG_INFO = INCLUDE_SOURCE;
				MTL_FAST_MATH = YES;
				ONLY_ACTIVE_ARCH = YES;
				SDKROOT = iphoneos;
				SWIFT_ACTIVE_COMPILATION_CONDITIONS = DEBUG;
				SWIFT_OPTIMIZATION_LEVEL = "-Onone";
			};
			name = Debug;
		};
		8243C9B7242D704200FD0EC7 /* Release */ = {
			isa = XCBuildConfiguration;
			buildSettings = {
				ALWAYS_SEARCH_USER_PATHS = NO;
				CLANG_ANALYZER_NONNULL = YES;
				CLANG_ANALYZER_NUMBER_OBJECT_CONVERSION = YES_AGGRESSIVE;
				CLANG_CXX_LANGUAGE_STANDARD = "gnu++14";
				CLANG_CXX_LIBRARY = "libc++";
				CLANG_ENABLE_MODULES = YES;
				CLANG_ENABLE_OBJC_ARC = YES;
				CLANG_ENABLE_OBJC_WEAK = YES;
				CLANG_WARN_BLOCK_CAPTURE_AUTORELEASING = YES;
				CLANG_WARN_BOOL_CONVERSION = YES;
				CLANG_WARN_COMMA = YES;
				CLANG_WARN_CONSTANT_CONVERSION = YES;
				CLANG_WARN_DEPRECATED_OBJC_IMPLEMENTATIONS = YES;
				CLANG_WARN_DIRECT_OBJC_ISA_USAGE = YES_ERROR;
				CLANG_WARN_DOCUMENTATION_COMMENTS = YES;
				CLANG_WARN_EMPTY_BODY = YES;
				CLANG_WARN_ENUM_CONVERSION = YES;
				CLANG_WARN_INFINITE_RECURSION = YES;
				CLANG_WARN_INT_CONVERSION = YES;
				CLANG_WARN_NON_LITERAL_NULL_CONVERSION = YES;
				CLANG_WARN_OBJC_IMPLICIT_RETAIN_SELF = YES;
				CLANG_WARN_OBJC_LITERAL_CONVERSION = YES;
				CLANG_WARN_OBJC_ROOT_CLASS = YES_ERROR;
				CLANG_WARN_RANGE_LOOP_ANALYSIS = YES;
				CLANG_WARN_STRICT_PROTOTYPES = YES;
				CLANG_WARN_SUSPICIOUS_MOVE = YES;
				CLANG_WARN_UNGUARDED_AVAILABILITY = YES_AGGRESSIVE;
				CLANG_WARN_UNREACHABLE_CODE = YES;
				CLANG_WARN__DUPLICATE_METHOD_MATCH = YES;
				COPY_PHASE_STRIP = NO;
				DEBUG_INFORMATION_FORMAT = "dwarf-with-dsym";
				ENABLE_NS_ASSERTIONS = NO;
				ENABLE_STRICT_OBJC_MSGSEND = YES;
				GCC_C_LANGUAGE_STANDARD = gnu11;
				GCC_NO_COMMON_BLOCKS = YES;
				GCC_WARN_64_TO_32_BIT_CONVERSION = YES;
				GCC_WARN_ABOUT_RETURN_TYPE = YES_ERROR;
				GCC_WARN_UNDECLARED_SELECTOR = YES;
				GCC_WARN_UNINITIALIZED_AUTOS = YES_AGGRESSIVE;
				GCC_WARN_UNUSED_FUNCTION = YES;
				GCC_WARN_UNUSED_VARIABLE = YES;
				IPHONEOS_DEPLOYMENT_TARGET = 13.1;
				MTL_ENABLE_DEBUG_INFO = NO;
				MTL_FAST_MATH = YES;
				SDKROOT = iphoneos;
				SWIFT_COMPILATION_MODE = wholemodule;
				SWIFT_OPTIMIZATION_LEVEL = "-O";
				VALIDATE_PRODUCT = YES;
			};
			name = Release;
		};
		8243C9B9242D704200FD0EC7 /* Debug */ = {
			isa = XCBuildConfiguration;
			buildSettings = {
				ASSETCATALOG_COMPILER_APPICON_NAME = AppIcon;
				CODE_SIGN_STYLE = Automatic;
				DEVELOPMENT_ASSET_PATHS = "\"FacebookHome/Preview Content\"";
				DEVELOPMENT_TEAM = DZHAL8F38Z;
				ENABLE_PREVIEWS = YES;
				INFOPLIST_FILE = FacebookHome/Info.plist;
				IPHONEOS_DEPLOYMENT_TARGET = 12.0;
				LD_RUNPATH_SEARCH_PATHS = (
					"$(inherited)",
					"@executable_path/Frameworks",
				);
				PRODUCT_BUNDLE_IDENTIFIER = habib.FacebookHome;
				PRODUCT_NAME = "$(TARGET_NAME)";
				SWIFT_VERSION = 5.0;
				TARGETED_DEVICE_FAMILY = "1,2";
			};
			name = Debug;
		};
		8243C9BA242D704200FD0EC7 /* Release */ = {
			isa = XCBuildConfiguration;
			buildSettings = {
				ASSETCATALOG_COMPILER_APPICON_NAME = AppIcon;
				CODE_SIGN_STYLE = Automatic;
				DEVELOPMENT_ASSET_PATHS = "\"FacebookHome/Preview Content\"";
				DEVELOPMENT_TEAM = DZHAL8F38Z;
				ENABLE_PREVIEWS = YES;
				INFOPLIST_FILE = FacebookHome/Info.plist;
				IPHONEOS_DEPLOYMENT_TARGET = 12.0;
				LD_RUNPATH_SEARCH_PATHS = (
					"$(inherited)",
					"@executable_path/Frameworks",
				);
				PRODUCT_BUNDLE_IDENTIFIER = habib.FacebookHome;
				PRODUCT_NAME = "$(TARGET_NAME)";
				SWIFT_VERSION = 5.0;
				TARGETED_DEVICE_FAMILY = "1,2";
			};
			name = Release;
		};
/* End XCBuildConfiguration section */

/* Begin XCConfigurationList section */
		8243C99F242D704100FD0EC7 /* Build configuration list for PBXProject "FacebookHome" */ = {
			isa = XCConfigurationList;
			buildConfigurations = (
				8243C9B6242D704200FD0EC7 /* Debug */,
				8243C9B7242D704200FD0EC7 /* Release */,
			);
			defaultConfigurationIsVisible = 0;
			defaultConfigurationName = Release;
		};
		8243C9B8242D704200FD0EC7 /* Build configuration list for PBXNativeTarget "FacebookHome" */ = {
			isa = XCConfigurationList;
			buildConfigurations = (
				8243C9B9242D704200FD0EC7 /* Debug */,
				8243C9BA242D704200FD0EC7 /* Release */,
			);
			defaultConfigurationIsVisible = 0;
			defaultConfigurationName = Release;
		};
/* End XCConfigurationList section */
	};
	rootObject = 8243C99C242D704100FD0EC7 /* Project object */;
}
